// !$*UTF8*$!
{
	archiveVersion = 1;
	classes = {
	};
	objectVersion = 50;
	objects = {

/* Begin PBXAggregateTarget section */
		D0D090F62264595600F81B9B /* OCLint */ = {
			isa = PBXAggregateTarget;
			buildConfigurationList = D0D090F72264595600F81B9B /* Build configuration list for PBXAggregateTarget "OCLint" */;
			buildPhases = (
				D0D090FA2264595900F81B9B /* ShellScript */,
			);
			dependencies = (
			);
			name = OCLint;
			productName = OCLint;
		};
/* End PBXAggregateTarget section */

/* Begin PBXBuildFile section */
		0842FB77461417D0E0DD32CE /* libPods-OCSimpleDemo.a in Frameworks */ = {isa = PBXBuildFile; fileRef = D661C1142D709DC2F7F2956A /* libPods-OCSimpleDemo.a */; };
		1762D3A821E38CD300582357 /* TestCollectionViewController.m in Sources */ = {isa = PBXBuildFile; fileRef = 1762D3A721E38CD300582357 /* TestCollectionViewController.m */; };
		1762D3AC21E38D1100582357 /* TestSimpleCollectionViewCell.m in Sources */ = {isa = PBXBuildFile; fileRef = 1762D3AB21E38D1100582357 /* TestSimpleCollectionViewCell.m */; };
		1762D3B021E38FA400582357 /* SimpleHeaderCollectionReusableView.m in Sources */ = {isa = PBXBuildFile; fileRef = 1762D3AF21E38FA400582357 /* SimpleHeaderCollectionReusableView.m */; };
		1762D3B321E3A7E600582357 /* SectionBackgorundView.m in Sources */ = {isa = PBXBuildFile; fileRef = 1762D3B221E3A7E600582357 /* SectionBackgorundView.m */; };
		1762D3B621E3A87100582357 /* TestCollectionViewFlowLayout.m in Sources */ = {isa = PBXBuildFile; fileRef = 1762D3B521E3A87100582357 /* TestCollectionViewFlowLayout.m */; };
		17781A0E21253887009289FE /* AppDelegate.m in Sources */ = {isa = PBXBuildFile; fileRef = 17781A0D21253887009289FE /* AppDelegate.m */; };
		17781A1121253887009289FE /* ViewController.m in Sources */ = {isa = PBXBuildFile; fileRef = 17781A1021253887009289FE /* ViewController.m */; };
		17781A1421253887009289FE /* Main.storyboard in Resources */ = {isa = PBXBuildFile; fileRef = 17781A1221253887009289FE /* Main.storyboard */; };
		17781A1621253889009289FE /* Assets.xcassets in Resources */ = {isa = PBXBuildFile; fileRef = 17781A1521253889009289FE /* Assets.xcassets */; };
		17781A1921253889009289FE /* LaunchScreen.storyboard in Resources */ = {isa = PBXBuildFile; fileRef = 17781A1721253889009289FE /* LaunchScreen.storyboard */; };
		17781A1C21253889009289FE /* main.m in Sources */ = {isa = PBXBuildFile; fileRef = 17781A1B21253889009289FE /* main.m */; };
		17781A262125397F009289FE /* BaseTestTableViewController.m in Sources */ = {isa = PBXBuildFile; fileRef = 17781A252125397F009289FE /* BaseTestTableViewController.m */; };
		17781A2921254573009289FE /* TestBlockViewController.m in Sources */ = {isa = PBXBuildFile; fileRef = 17781A2821254573009289FE /* TestBlockViewController.m */; };
		17781A2D21254634009289FE /* TestBlockManager.m in Sources */ = {isa = PBXBuildFile; fileRef = 17781A2C21254634009289FE /* TestBlockManager.m */; };
		17F4FC4D21E4DDF800718858 /* UICollectionView+IGGAutolayoutCell.m in Sources */ = {isa = PBXBuildFile; fileRef = 17F4FC4C21E4DDF800718858 /* UICollectionView+IGGAutolayoutCell.m */; };
		17F4FC5321E4EDD700718858 /* UICollectionView+IGGIndexPathCache.m in Sources */ = {isa = PBXBuildFile; fileRef = 17F4FC5221E4EDD700718858 /* UICollectionView+IGGIndexPathCache.m */; };
		17FDE0F8213E7C3F00FAE5F9 /* TestCeanupViewController.m in Sources */ = {isa = PBXBuildFile; fileRef = 17FDE0F7213E7C3F00FAE5F9 /* TestCeanupViewController.m */; };
/* End PBXBuildFile section */

/* Begin PBXFileReference section */
		1762D3A621E38CD300582357 /* TestCollectionViewController.h */ = {isa = PBXFileReference; lastKnownFileType = sourcecode.c.h; path = TestCollectionViewController.h; sourceTree = "<group>"; };
		1762D3A721E38CD300582357 /* TestCollectionViewController.m */ = {isa = PBXFileReference; lastKnownFileType = sourcecode.c.objc; path = TestCollectionViewController.m; sourceTree = "<group>"; };
		1762D3AA21E38D1100582357 /* TestSimpleCollectionViewCell.h */ = {isa = PBXFileReference; lastKnownFileType = sourcecode.c.h; path = TestSimpleCollectionViewCell.h; sourceTree = "<group>"; };
		1762D3AB21E38D1100582357 /* TestSimpleCollectionViewCell.m */ = {isa = PBXFileReference; lastKnownFileType = sourcecode.c.objc; path = TestSimpleCollectionViewCell.m; sourceTree = "<group>"; };
		1762D3AE21E38FA400582357 /* SimpleHeaderCollectionReusableView.h */ = {isa = PBXFileReference; lastKnownFileType = sourcecode.c.h; path = SimpleHeaderCollectionReusableView.h; sourceTree = "<group>"; };
		1762D3AF21E38FA400582357 /* SimpleHeaderCollectionReusableView.m */ = {isa = PBXFileReference; lastKnownFileType = sourcecode.c.objc; path = SimpleHeaderCollectionReusableView.m; sourceTree = "<group>"; };
		1762D3B121E3A7E600582357 /* SectionBackgorundView.h */ = {isa = PBXFileReference; lastKnownFileType = sourcecode.c.h; path = SectionBackgorundView.h; sourceTree = "<group>"; };
		1762D3B221E3A7E600582357 /* SectionBackgorundView.m */ = {isa = PBXFileReference; lastKnownFileType = sourcecode.c.objc; path = SectionBackgorundView.m; sourceTree = "<group>"; };
		1762D3B421E3A87100582357 /* TestCollectionViewFlowLayout.h */ = {isa = PBXFileReference; lastKnownFileType = sourcecode.c.h; path = TestCollectionViewFlowLayout.h; sourceTree = "<group>"; };
		1762D3B521E3A87100582357 /* TestCollectionViewFlowLayout.m */ = {isa = PBXFileReference; lastKnownFileType = sourcecode.c.objc; path = TestCollectionViewFlowLayout.m; sourceTree = "<group>"; };
		17781A0921253887009289FE /* OCSimpleDemo.app */ = {isa = PBXFileReference; explicitFileType = wrapper.application; includeInIndex = 0; path = OCSimpleDemo.app; sourceTree = BUILT_PRODUCTS_DIR; };
		17781A0C21253887009289FE /* AppDelegate.h */ = {isa = PBXFileReference; lastKnownFileType = sourcecode.c.h; path = AppDelegate.h; sourceTree = "<group>"; };
		17781A0D21253887009289FE /* AppDelegate.m */ = {isa = PBXFileReference; lastKnownFileType = sourcecode.c.objc; path = AppDelegate.m; sourceTree = "<group>"; };
		17781A0F21253887009289FE /* ViewController.h */ = {isa = PBXFileReference; lastKnownFileType = sourcecode.c.h; path = ViewController.h; sourceTree = "<group>"; };
		17781A1021253887009289FE /* ViewController.m */ = {isa = PBXFileReference; lastKnownFileType = sourcecode.c.objc; path = ViewController.m; sourceTree = "<group>"; };
		17781A1321253887009289FE /* Base */ = {isa = PBXFileReference; lastKnownFileType = file.storyboard; name = Base; path = Base.lproj/Main.storyboard; sourceTree = "<group>"; };
		17781A1521253889009289FE /* Assets.xcassets */ = {isa = PBXFileReference; lastKnownFileType = folder.assetcatalog; path = Assets.xcassets; sourceTree = "<group>"; };
		17781A1821253889009289FE /* Base */ = {isa = PBXFileReference; lastKnownFileType = file.storyboard; name = Base; path = Base.lproj/LaunchScreen.storyboard; sourceTree = "<group>"; };
		17781A1A21253889009289FE /* Info.plist */ = {isa = PBXFileReference; lastKnownFileType = text.plist.xml; path = Info.plist; sourceTree = "<group>"; };
		17781A1B21253889009289FE /* main.m */ = {isa = PBXFileReference; lastKnownFileType = sourcecode.c.objc; path = main.m; sourceTree = "<group>"; };
		17781A242125397F009289FE /* BaseTestTableViewController.h */ = {isa = PBXFileReference; lastKnownFileType = sourcecode.c.h; path = BaseTestTableViewController.h; sourceTree = "<group>"; };
		17781A252125397F009289FE /* BaseTestTableViewController.m */ = {isa = PBXFileReference; lastKnownFileType = sourcecode.c.objc; path = BaseTestTableViewController.m; sourceTree = "<group>"; };
		17781A2721254573009289FE /* TestBlockViewController.h */ = {isa = PBXFileReference; lastKnownFileType = sourcecode.c.h; path = TestBlockViewController.h; sourceTree = "<group>"; };
		17781A2821254573009289FE /* TestBlockViewController.m */ = {isa = PBXFileReference; lastKnownFileType = sourcecode.c.objc; path = TestBlockViewController.m; sourceTree = "<group>"; };
		17781A2B21254634009289FE /* TestBlockManager.h */ = {isa = PBXFileReference; lastKnownFileType = sourcecode.c.h; path = TestBlockManager.h; sourceTree = "<group>"; };
		17781A2C21254634009289FE /* TestBlockManager.m */ = {isa = PBXFileReference; lastKnownFileType = sourcecode.c.objc; path = TestBlockManager.m; sourceTree = "<group>"; };
		17F4FC4B21E4DDF800718858 /* UICollectionView+IGGAutolayoutCell.h */ = {isa = PBXFileReference; lastKnownFileType = sourcecode.c.h; path = "UICollectionView+IGGAutolayoutCell.h"; sourceTree = "<group>"; };
		17F4FC4C21E4DDF800718858 /* UICollectionView+IGGAutolayoutCell.m */ = {isa = PBXFileReference; lastKnownFileType = sourcecode.c.objc; path = "UICollectionView+IGGAutolayoutCell.m"; sourceTree = "<group>"; };
		17F4FC5121E4EDD700718858 /* UICollectionView+IGGIndexPathCache.h */ = {isa = PBXFileReference; lastKnownFileType = sourcecode.c.h; path = "UICollectionView+IGGIndexPathCache.h"; sourceTree = "<group>"; };
		17F4FC5221E4EDD700718858 /* UICollectionView+IGGIndexPathCache.m */ = {isa = PBXFileReference; lastKnownFileType = sourcecode.c.objc; path = "UICollectionView+IGGIndexPathCache.m"; sourceTree = "<group>"; };
		17FDE0F6213E7C3E00FAE5F9 /* TestCeanupViewController.h */ = {isa = PBXFileReference; lastKnownFileType = sourcecode.c.h; path = TestCeanupViewController.h; sourceTree = "<group>"; };
		17FDE0F7213E7C3F00FAE5F9 /* TestCeanupViewController.m */ = {isa = PBXFileReference; lastKnownFileType = sourcecode.c.objc; path = TestCeanupViewController.m; sourceTree = "<group>"; };
		921D47FE2BBDAAC5C84C6892 /* Pods-OCSimpleDemo.release.xcconfig */ = {isa = PBXFileReference; includeInIndex = 1; lastKnownFileType = text.xcconfig; name = "Pods-OCSimpleDemo.release.xcconfig"; path = "Pods/Target Support Files/Pods-OCSimpleDemo/Pods-OCSimpleDemo.release.xcconfig"; sourceTree = "<group>"; };
		D661C1142D709DC2F7F2956A /* libPods-OCSimpleDemo.a */ = {isa = PBXFileReference; explicitFileType = archive.ar; includeInIndex = 0; path = "libPods-OCSimpleDemo.a"; sourceTree = BUILT_PRODUCTS_DIR; };
		F6D214808595284642DB5A9D /* Pods-OCSimpleDemo.debug.xcconfig */ = {isa = PBXFileReference; includeInIndex = 1; lastKnownFileType = text.xcconfig; name = "Pods-OCSimpleDemo.debug.xcconfig"; path = "Pods/Target Support Files/Pods-OCSimpleDemo/Pods-OCSimpleDemo.debug.xcconfig"; sourceTree = "<group>"; };
/* End PBXFileReference section */

/* Begin PBXFrameworksBuildPhase section */
		17781A0621253887009289FE /* Frameworks */ = {
			isa = PBXFrameworksBuildPhase;
			buildActionMask = 2147483647;
			files = (
				0842FB77461417D0E0DD32CE /* libPods-OCSimpleDemo.a in Frameworks */,
			);
			runOnlyForDeploymentPostprocessing = 0;
		};
/* End PBXFrameworksBuildPhase section */

/* Begin PBXGroup section */
		1762D3A921E38CF600582357 /* View */ = {
			isa = PBXGroup;
			children = (
				1762D3AD21E38F6E00582357 /* CollectionView */,
			);
			path = View;
			sourceTree = "<group>";
		};
		1762D3AD21E38F6E00582357 /* CollectionView */ = {
			isa = PBXGroup;
			children = (
				1762D3AA21E38D1100582357 /* TestSimpleCollectionViewCell.h */,
				1762D3AB21E38D1100582357 /* TestSimpleCollectionViewCell.m */,
				1762D3AE21E38FA400582357 /* SimpleHeaderCollectionReusableView.h */,
				1762D3AF21E38FA400582357 /* SimpleHeaderCollectionReusableView.m */,
				1762D3B121E3A7E600582357 /* SectionBackgorundView.h */,
				1762D3B221E3A7E600582357 /* SectionBackgorundView.m */,
				1762D3B421E3A87100582357 /* TestCollectionViewFlowLayout.h */,
				1762D3B521E3A87100582357 /* TestCollectionViewFlowLayout.m */,
				17F4FC4B21E4DDF800718858 /* UICollectionView+IGGAutolayoutCell.h */,
				17F4FC4C21E4DDF800718858 /* UICollectionView+IGGAutolayoutCell.m */,
				17F4FC5121E4EDD700718858 /* UICollectionView+IGGIndexPathCache.h */,
				17F4FC5221E4EDD700718858 /* UICollectionView+IGGIndexPathCache.m */,
			);
			path = CollectionView;
			sourceTree = "<group>";
		};
		17781A0021253887009289FE = {
			isa = PBXGroup;
			children = (
				17781A0B21253887009289FE /* OCSimpleDemo */,
				17781A0A21253887009289FE /* Products */,
				87B9634AFEA56FEF660481F7 /* Pods */,
				8AF9DB71854E7A2BAE152D1B /* Frameworks */,
			);
			sourceTree = "<group>";
		};
		17781A0A21253887009289FE /* Products */ = {
			isa = PBXGroup;
			children = (
				17781A0921253887009289FE /* OCSimpleDemo.app */,
			);
			name = Products;
			sourceTree = "<group>";
		};
		17781A0B21253887009289FE /* OCSimpleDemo */ = {
			isa = PBXGroup;
			children = (
				17781A0C21253887009289FE /* AppDelegate.h */,
				17781A0D21253887009289FE /* AppDelegate.m */,
				17781A2221253939009289FE /* ViewController */,
				1762D3A921E38CF600582357 /* View */,
				17781A2A21254617009289FE /* Logic */,
				17781A1221253887009289FE /* Main.storyboard */,
				17781A1521253889009289FE /* Assets.xcassets */,
				17781A1721253889009289FE /* LaunchScreen.storyboard */,
				17781A1A21253889009289FE /* Info.plist */,
				17781A1B21253889009289FE /* main.m */,
			);
			path = OCSimpleDemo;
			sourceTree = "<group>";
		};
		17781A2221253939009289FE /* ViewController */ = {
			isa = PBXGroup;
			children = (
				17781A2321253944009289FE /* Base */,
				17781A0F21253887009289FE /* ViewController.h */,
				17781A1021253887009289FE /* ViewController.m */,
				17781A2721254573009289FE /* TestBlockViewController.h */,
				17781A2821254573009289FE /* TestBlockViewController.m */,
				17FDE0F6213E7C3E00FAE5F9 /* TestCeanupViewController.h */,
				17FDE0F7213E7C3F00FAE5F9 /* TestCeanupViewController.m */,
				1762D3A621E38CD300582357 /* TestCollectionViewController.h */,
				1762D3A721E38CD300582357 /* TestCollectionViewController.m */,
			);
			path = ViewController;
			sourceTree = "<group>";
		};
		17781A2321253944009289FE /* Base */ = {
			isa = PBXGroup;
			children = (
				17781A242125397F009289FE /* BaseTestTableViewController.h */,
				17781A252125397F009289FE /* BaseTestTableViewController.m */,
			);
			path = Base;
			sourceTree = "<group>";
		};
		17781A2A21254617009289FE /* Logic */ = {
			isa = PBXGroup;
			children = (
				17781A2B21254634009289FE /* TestBlockManager.h */,
				17781A2C21254634009289FE /* TestBlockManager.m */,
			);
			path = Logic;
			sourceTree = "<group>";
		};
		87B9634AFEA56FEF660481F7 /* Pods */ = {
			isa = PBXGroup;
			children = (
				F6D214808595284642DB5A9D /* Pods-OCSimpleDemo.debug.xcconfig */,
				921D47FE2BBDAAC5C84C6892 /* Pods-OCSimpleDemo.release.xcconfig */,
			);
			name = Pods;
			sourceTree = "<group>";
		};
		8AF9DB71854E7A2BAE152D1B /* Frameworks */ = {
			isa = PBXGroup;
			children = (
				D661C1142D709DC2F7F2956A /* libPods-OCSimpleDemo.a */,
			);
			name = Frameworks;
			sourceTree = "<group>";
		};
/* End PBXGroup section */

/* Begin PBXNativeTarget section */
		17781A0821253887009289FE /* OCSimpleDemo */ = {
			isa = PBXNativeTarget;
			buildConfigurationList = 17781A1F21253889009289FE /* Build configuration list for PBXNativeTarget "OCSimpleDemo" */;
			buildPhases = (
				D0FE42DA99FD9476FB56DF1E /* [CP] Check Pods Manifest.lock */,
				17781A0521253887009289FE /* Sources */,
				17781A0621253887009289FE /* Frameworks */,
				17781A0721253887009289FE /* Resources */,
			);
			buildRules = (
			);
			dependencies = (
			);
			name = OCSimpleDemo;
			productName = OCSimpleDemo;
			productReference = 17781A0921253887009289FE /* OCSimpleDemo.app */;
			productType = "com.apple.product-type.application";
		};
/* End PBXNativeTarget section */

/* Begin PBXProject section */
		17781A0121253887009289FE /* Project object */ = {
			isa = PBXProject;
			attributes = {
				LastUpgradeCheck = 0940;
				ORGANIZATIONNAME = Felink;
				TargetAttributes = {
					17781A0821253887009289FE = {
						CreatedOnToolsVersion = 9.4.1;
					};
					D0D090F62264595600F81B9B = {
						CreatedOnToolsVersion = 10.2;
					};
				};
			};
			buildConfigurationList = 17781A0421253887009289FE /* Build configuration list for PBXProject "OCSimpleDemo" */;
			compatibilityVersion = "Xcode 9.3";
			developmentRegion = en;
			hasScannedForEncodings = 0;
			knownRegions = (
				en,
				Base,
			);
			mainGroup = 17781A0021253887009289FE;
			productRefGroup = 17781A0A21253887009289FE /* Products */;
			projectDirPath = "";
			projectRoot = "";
			targets = (
				17781A0821253887009289FE /* OCSimpleDemo */,
				D0D090F62264595600F81B9B /* OCLint */,
			);
		};
/* End PBXProject section */

/* Begin PBXResourcesBuildPhase section */
		17781A0721253887009289FE /* Resources */ = {
			isa = PBXResourcesBuildPhase;
			buildActionMask = 2147483647;
			files = (
				17781A1921253889009289FE /* LaunchScreen.storyboard in Resources */,
				17781A1621253889009289FE /* Assets.xcassets in Resources */,
				17781A1421253887009289FE /* Main.storyboard in Resources */,
			);
			runOnlyForDeploymentPostprocessing = 0;
		};
/* End PBXResourcesBuildPhase section */

/* Begin PBXShellScriptBuildPhase section */
		D0D090FA2264595900F81B9B /* ShellScript */ = {
			isa = PBXShellScriptBuildPhase;
			buildActionMask = 2147483647;
			files = (
			);
			inputFileListPaths = (
			);
			inputPaths = (
			);
			outputFileListPaths = (
			);
			outputPaths = (
			);
			runOnlyForDeploymentPostprocessing = 0;
			shellPath = /bin/sh;
			shellScript = "source ~/.bash_profile\nwork_dir=$( cd ${SRCROOT}/ && pwd )\ncd ${work_dir} \nworkspace_path=${work_dir}/OCSimpleDemo.xcworkspace\nscheme_name=OCSimpleDemo\necho \"workspace_path = ${workspace_path}\"\n\nxcodebuild clean -workspace ${workspace_path} -scheme ${scheme_name} -sdk iphonesimulator\nxcodebuild -workspace ${workspace_path} -scheme ${scheme_name} -sdk iphonesimulator COMPILER_INDEX_STORE_ENABLE=NO -UseModernBuildSystem=NO | xcpretty -r json-compilation-database --output compile_commands.json\noclint-json-compilation-database -v \\\n-e Pods \\\n-- \\\n-report-type xcode\n";
		};
		D0FE42DA99FD9476FB56DF1E /* [CP] Check Pods Manifest.lock */ = {
			isa = PBXShellScriptBuildPhase;
			buildActionMask = 2147483647;
			files = (
			);
			inputPaths = (
				"${PODS_PODFILE_DIR_PATH}/Podfile.lock",
				"${PODS_ROOT}/Manifest.lock",
			);
			name = "[CP] Check Pods Manifest.lock";
			outputPaths = (
				"$(DERIVED_FILE_DIR)/Pods-OCSimpleDemo-checkManifestLockResult.txt",
			);
			runOnlyForDeploymentPostprocessing = 0;
			shellPath = /bin/sh;
			shellScript = "diff \"${PODS_PODFILE_DIR_PATH}/Podfile.lock\" \"${PODS_ROOT}/Manifest.lock\" > /dev/null\nif [ $? != 0 ] ; then\n    # print error to STDERR\n    echo \"error: The sandbox is not in sync with the Podfile.lock. Run 'pod install' or update your CocoaPods installation.\" >&2\n    exit 1\nfi\n# This output is used by Xcode 'outputs' to avoid re-running this script phase.\necho \"SUCCESS\" > \"${SCRIPT_OUTPUT_FILE_0}\"\n";
			showEnvVarsInLog = 0;
		};
/* End PBXShellScriptBuildPhase section */

/* Begin PBXSourcesBuildPhase section */
		17781A0521253887009289FE /* Sources */ = {
			isa = PBXSourcesBuildPhase;
			buildActionMask = 2147483647;
			files = (
				17781A1121253887009289FE /* ViewController.m in Sources */,
				1762D3AC21E38D1100582357 /* TestSimpleCollectionViewCell.m in Sources */,
				17781A1C21253889009289FE /* main.m in Sources */,
				1762D3B321E3A7E600582357 /* SectionBackgorundView.m in Sources */,
				17781A262125397F009289FE /* BaseTestTableViewController.m in Sources */,
				17F4FC5321E4EDD700718858 /* UICollectionView+IGGIndexPathCache.m in Sources */,
				17781A0E21253887009289FE /* AppDelegate.m in Sources */,
				1762D3A821E38CD300582357 /* TestCollectionViewController.m in Sources */,
				1762D3B021E38FA400582357 /* SimpleHeaderCollectionReusableView.m in Sources */,
				17781A2921254573009289FE /* TestBlockViewController.m in Sources */,
				17F4FC4D21E4DDF800718858 /* UICollectionView+IGGAutolayoutCell.m in Sources */,
				17781A2D21254634009289FE /* TestBlockManager.m in Sources */,
				1762D3B621E3A87100582357 /* TestCollectionViewFlowLayout.m in Sources */,
				17FDE0F8213E7C3F00FAE5F9 /* TestCeanupViewController.m in Sources */,
			);
			runOnlyForDeploymentPostprocessing = 0;
		};
/* End PBXSourcesBuildPhase section */

/* Begin PBXVariantGroup section */
		17781A1221253887009289FE /* Main.storyboard */ = {
			isa = PBXVariantGroup;
			children = (
				17781A1321253887009289FE /* Base */,
			);
			name = Main.storyboard;
			sourceTree = "<group>";
		};
		17781A1721253889009289FE /* LaunchScreen.storyboard */ = {
			isa = PBXVariantGroup;
			children = (
				17781A1821253889009289FE /* Base */,
			);
			name = LaunchScreen.storyboard;
			sourceTree = "<group>";
		};
/* End PBXVariantGroup section */

/* Begin XCBuildConfiguration section */
		17781A1D21253889009289FE /* Debug */ = {
			isa = XCBuildConfiguration;
			buildSettings = {
				ALWAYS_SEARCH_USER_PATHS = NO;
				CLANG_ANALYZER_NONNULL = YES;
				CLANG_ANALYZER_NUMBER_OBJECT_CONVERSION = YES_AGGRESSIVE;
				CLANG_CXX_LANGUAGE_STANDARD = "gnu++14";
				CLANG_CXX_LIBRARY = "libc++";
				CLANG_ENABLE_MODULES = YES;
				CLANG_ENABLE_OBJC_ARC = YES;
				CLANG_ENABLE_OBJC_WEAK = YES;
				CLANG_WARN_BLOCK_CAPTURE_AUTORELEASING = YES;
				CLANG_WARN_BOOL_CONVERSION = YES;
				CLANG_WARN_COMMA = YES;
				CLANG_WARN_CONSTANT_CONVERSION = YES;
				CLANG_WARN_DEPRECATED_OBJC_IMPLEMENTATIONS = YES;
				CLANG_WARN_DIRECT_OBJC_ISA_USAGE = YES_ERROR;
				CLANG_WARN_DOCUMENTATION_COMMENTS = YES;
				CLANG_WARN_EMPTY_BODY = YES;
				CLANG_WARN_ENUM_CONVERSION = YES;
				CLANG_WARN_INFINITE_RECURSION = YES;
				CLANG_WARN_INT_CONVERSION = YES;
				CLANG_WARN_NON_LITERAL_NULL_CONVERSION = YES;
				CLANG_WARN_OBJC_IMPLICIT_RETAIN_SELF = YES;
				CLANG_WARN_OBJC_LITERAL_CONVERSION = YES;
				CLANG_WARN_OBJC_ROOT_CLASS = YES_ERROR;
				CLANG_WARN_RANGE_LOOP_ANALYSIS = YES;
				CLANG_WARN_STRICT_PROTOTYPES = YES;
				CLANG_WARN_SUSPICIOUS_MOVE = YES;
				CLANG_WARN_UNGUARDED_AVAILABILITY = YES_AGGRESSIVE;
				CLANG_WARN_UNREACHABLE_CODE = YES;
				CLANG_WARN__DUPLICATE_METHOD_MATCH = YES;
				CODE_SIGN_IDENTITY = "iPhone Developer";
				COPY_PHASE_STRIP = NO;
				DEBUG_INFORMATION_FORMAT = dwarf;
				ENABLE_STRICT_OBJC_MSGSEND = YES;
				ENABLE_TESTABILITY = YES;
				GCC_C_LANGUAGE_STANDARD = gnu11;
				GCC_DYNAMIC_NO_PIC = NO;
				GCC_NO_COMMON_BLOCKS = YES;
				GCC_OPTIMIZATION_LEVEL = 0;
				GCC_PREPROCESSOR_DEFINITIONS = (
					"DEBUG=1",
					"$(inherited)",
				);
				GCC_WARN_64_TO_32_BIT_CONVERSION = YES;
				GCC_WARN_ABOUT_RETURN_TYPE = YES_ERROR;
				GCC_WARN_UNDECLARED_SELECTOR = YES;
				GCC_WARN_UNINITIALIZED_AUTOS = YES_AGGRESSIVE;
				GCC_WARN_UNUSED_FUNCTION = YES;
				GCC_WARN_UNUSED_VARIABLE = YES;
				IPHONEOS_DEPLOYMENT_TARGET = 9.0;
				MTL_ENABLE_DEBUG_INFO = YES;
				ONLY_ACTIVE_ARCH = YES;
				SDKROOT = iphoneos;
			};
			name = Debug;
		};
		17781A1E21253889009289FE /* Release */ = {
			isa = XCBuildConfiguration;
			buildSettings = {
				ALWAYS_SEARCH_USER_PATHS = NO;
				CLANG_ANALYZER_NONNULL = YES;
				CLANG_ANALYZER_NUMBER_OBJECT_CONVERSION = YES_AGGRESSIVE;
				CLANG_CXX_LANGUAGE_STANDARD = "gnu++14";
				CLANG_CXX_LIBRARY = "libc++";
				CLANG_ENABLE_MODULES = YES;
				CLANG_ENABLE_OBJC_ARC = YES;
				CLANG_ENABLE_OBJC_WEAK = YES;
				CLANG_WARN_BLOCK_CAPTURE_AUTORELEASING = YES;
				CLANG_WARN_BOOL_CONVERSION = YES;
				CLANG_WARN_COMMA = YES;
				CLANG_WARN_CONSTANT_CONVERSION = YES;
				CLANG_WARN_DEPRECATED_OBJC_IMPLEMENTATIONS = YES;
				CLANG_WARN_DIRECT_OBJC_ISA_USAGE = YES_ERROR;
				CLANG_WARN_DOCUMENTATION_COMMENTS = YES;
				CLANG_WARN_EMPTY_BODY = YES;
				CLANG_WARN_ENUM_CONVERSION = YES;
				CLANG_WARN_INFINITE_RECURSION = YES;
				CLANG_WARN_INT_CONVERSION = YES;
				CLANG_WARN_NON_LITERAL_NULL_CONVERSION = YES;
				CLANG_WARN_OBJC_IMPLICIT_RETAIN_SELF = YES;
				CLANG_WARN_OBJC_LITERAL_CONVERSION = YES;
				CLANG_WARN_OBJC_ROOT_CLASS = YES_ERROR;
				CLANG_WARN_RANGE_LOOP_ANALYSIS = YES;
				CLANG_WARN_STRICT_PROTOTYPES = YES;
				CLANG_WARN_SUSPICIOUS_MOVE = YES;
				CLANG_WARN_UNGUARDED_AVAILABILITY = YES_AGGRESSIVE;
				CLANG_WARN_UNREACHABLE_CODE = YES;
				CLANG_WARN__DUPLICATE_METHOD_MATCH = YES;
				CODE_SIGN_IDENTITY = "iPhone Developer";
				COPY_PHASE_STRIP = NO;
				DEBUG_INFORMATION_FORMAT = "dwarf-with-dsym";
				ENABLE_NS_ASSERTIONS = NO;
				ENABLE_STRICT_OBJC_MSGSEND = YES;
				GCC_C_LANGUAGE_STANDARD = gnu11;
				GCC_NO_COMMON_BLOCKS = YES;
				GCC_WARN_64_TO_32_BIT_CONVERSION = YES;
				GCC_WARN_ABOUT_RETURN_TYPE = YES_ERROR;
				GCC_WARN_UNDECLARED_SELECTOR = YES;
				GCC_WARN_UNINITIALIZED_AUTOS = YES_AGGRESSIVE;
				GCC_WARN_UNUSED_FUNCTION = YES;
				GCC_WARN_UNUSED_VARIABLE = YES;
				IPHONEOS_DEPLOYMENT_TARGET = 9.0;
				MTL_ENABLE_DEBUG_INFO = NO;
				SDKROOT = iphoneos;
				VALIDATE_PRODUCT = YES;
			};
			name = Release;
		};
		17781A2021253889009289FE /* Debug */ = {
			isa = XCBuildConfiguration;
			baseConfigurationReference = F6D214808595284642DB5A9D /* Pods-OCSimpleDemo.debug.xcconfig */;
			buildSettings = {
				ASSETCATALOG_COMPILER_APPICON_NAME = AppIcon;
				CODE_SIGN_IDENTITY = "iPhone Developer";
				CODE_SIGN_STYLE = Automatic;
				DEVELOPMENT_TEAM = TEXZU2MESD;
				INFOPLIST_FILE = OCSimpleDemo/Info.plist;
				IPHONEOS_DEPLOYMENT_TARGET = 9.0;
				LD_RUNPATH_SEARCH_PATHS = (
					"$(inherited)",
					"@executable_path/Frameworks",
				);
				PRODUCT_BUNDLE_IDENTIFIER = com.felink.OCSimpleDemo;
				PRODUCT_NAME = "$(TARGET_NAME)";
				PROVISIONING_PROFILE_SPECIFIER = "";
				TARGETED_DEVICE_FAMILY = "1,2";
			};
			name = Debug;
		};
		17781A2121253889009289FE /* Release */ = {
			isa = XCBuildConfiguration;
			baseConfigurationReference = 921D47FE2BBDAAC5C84C6892 /* Pods-OCSimpleDemo.release.xcconfig */;
			buildSettings = {
				ASSETCATALOG_COMPILER_APPICON_NAME = AppIcon;
				CODE_SIGN_IDENTITY = "iPhone Developer";
				CODE_SIGN_STYLE = Automatic;
				DEVELOPMENT_TEAM = TEXZU2MESD;
				INFOPLIST_FILE = OCSimpleDemo/Info.plist;
				IPHONEOS_DEPLOYMENT_TARGET = 9.0;
				LD_RUNPATH_SEARCH_PATHS = (
					"$(inherited)",
					"@executable_path/Frameworks",
				);
				PRODUCT_BUNDLE_IDENTIFIER = com.felink.OCSimpleDemo;
				PRODUCT_NAME = "$(TARGET_NAME)";
				PROVISIONING_PROFILE_SPECIFIER = "";
				TARGETED_DEVICE_FAMILY = "1,2";
			};
			name = Release;
		};
		D0D090F82264595600F81B9B /* Debug */ = {
			isa = XCBuildConfiguration;
			buildSettings = {
				CODE_SIGN_STYLE = Automatic;
				PRODUCT_NAME = "$(TARGET_NAME)";
			};
			name = Debug;
		};
		D0D090F92264595600F81B9B /* Release */ = {
			isa = XCBuildConfiguration;
			buildSettings = {
				CODE_SIGN_STYLE = Automatic;
				PRODUCT_NAME = "$(TARGET_NAME)";
			};
			name = Release;
		};
/* End XCBuildConfiguration section */

/* Begin XCConfigurationList section */
		17781A0421253887009289FE /* Build configuration list for PBXProject "OCSimpleDemo" */ = {
			isa = XCConfigurationList;
			buildConfigurations = (
				17781A1D21253889009289FE /* Debug */,
				17781A1E21253889009289FE /* Release */,
			);
			defaultConfigurationIsVisible = 0;
			defaultConfigurationName = Release;
		};
		17781A1F21253889009289FE /* Build configuration list for PBXNativeTarget "OCSimpleDemo" */ = {
			isa = XCConfigurationList;
			buildConfigurations = (
				17781A2021253889009289FE /* Debug */,
				17781A2121253889009289FE /* Release */,
			);
			defaultConfigurationIsVisible = 0;
			defaultConfigurationName = Release;
		};
		D0D090F72264595600F81B9B /* Build configuration list for PBXAggregateTarget "OCLint" */ = {
			isa = XCConfigurationList;
			buildConfigurations = (
				D0D090F82264595600F81B9B /* Debug */,
				D0D090F92264595600F81B9B /* Release */,
			);
			defaultConfigurationIsVisible = 0;
			defaultConfigurationName = Release;
		};
/* End XCConfigurationList section */
	};
	rootObject = 17781A0121253887009289FE /* Project object */;
}
